PODS:
  - CFLib (0.1.0)
  - FBSnapshotTestCase (2.1.4):
    - FBSnapshotTestCase/SwiftSupport (= 2.1.4)
  - FBSnapshotTestCase/Core (2.1.4)
  - FBSnapshotTestCase/SwiftSupport (2.1.4):
    - FBSnapshotTestCase/Core

DEPENDENCIES:
  - CFLib (from `../`)
  - FBSnapshotTestCase

SPEC REPOS:
  trunk:
    - FBSnapshotTestCase

EXTERNAL SOURCES:
  CFLib:
    :path: "../"

SPEC CHECKSUMS:
  CFLib: f5e3a94610af31dc2df01ccd8a129d2cb0630aa8
  FBSnapshotTestCase: 094f9f314decbabe373b87cc339bea235a63e07a

PODFILE CHECKSUM: cc4b50807657d27b6cecfd5cd121ccc6fd747356

COCOAPODS: 1.11.3
